// !$*UTF8*$!
{
	archiveVersion = 1;
	classes = {
	};
	objectVersion = 56;
	objects = {

/* Begin PBXBuildFile section */
		787653B12C13643F0086FBFC /* The_Composable_Architecture_iOS__ExampleApp.swift in Sources */ = {isa = PBXBuildFile; fileRef = 787653B02C13643F0086FBFC /* The_Composable_Architecture_iOS__ExampleApp.swift */; };
		787653B32C13643F0086FBFC /* ContentView.swift in Sources */ = {isa = PBXBuildFile; fileRef = 787653B22C13643F0086FBFC /* ContentView.swift */; };
		787653B52C1364410086FBFC /* Assets.xcassets in Resources */ = {isa = PBXBuildFile; fileRef = 787653B42C1364410086FBFC /* Assets.xcassets */; };
		787653B82C1364410086FBFC /* Preview Assets.xcassets in Resources */ = {isa = PBXBuildFile; fileRef = 787653B72C1364410086FBFC /* Preview Assets.xcassets */; };
		787653C22C1364410086FBFC /* The_Composable_Architecture_iOS__ExampleTests.swift in Sources */ = {isa = PBXBuildFile; fileRef = 787653C12C1364410086FBFC /* The_Composable_Architecture_iOS__ExampleTests.swift */; };
		787653CC2C1364410086FBFC /* The_Composable_Architecture_iOS__ExampleUITests.swift in Sources */ = {isa = PBXBuildFile; fileRef = 787653CB2C1364410086FBFC /* The_Composable_Architecture_iOS__ExampleUITests.swift */; };
		787653CE2C1364410086FBFC /* The_Composable_Architecture_iOS__ExampleUITestsLaunchTests.swift in Sources */ = {isa = PBXBuildFile; fileRef = 787653CD2C1364410086FBFC /* The_Composable_Architecture_iOS__ExampleUITestsLaunchTests.swift */; };
		787653DC2C13682D0086FBFC /* CounterFeature.swift in Sources */ = {isa = PBXBuildFile; fileRef = 787653DB2C13682D0086FBFC /* CounterFeature.swift */; };
		787653DF2C1369570086FBFC /* ComposableArchitecture in Frameworks */ = {isa = PBXBuildFile; productRef = 787653DE2C1369570086FBFC /* ComposableArchitecture */; };
/* End PBXBuildFile section */

/* Begin PBXContainerItemProxy section */
		787653BE2C1364410086FBFC /* PBXContainerItemProxy */ = {
			isa = PBXContainerItemProxy;
			containerPortal = 787653A52C13643F0086FBFC /* Project object */;
			proxyType = 1;
			remoteGlobalIDString = 787653AC2C13643F0086FBFC;
			remoteInfo = "The Composable Architecture(iOS).Example";
		};
		787653C82C1364410086FBFC /* PBXContainerItemProxy */ = {
			isa = PBXContainerItemProxy;
			containerPortal = 787653A52C13643F0086FBFC /* Project object */;
			proxyType = 1;
			remoteGlobalIDString = 787653AC2C13643F0086FBFC;
			remoteInfo = "The Composable Architecture(iOS).Example";
		};
/* End PBXContainerItemProxy section */

/* Begin PBXFileReference section */
		787653AD2C13643F0086FBFC /* The Composable Architecture(iOS).Example.app */ = {isa = PBXFileReference; explicitFileType = wrapper.application; includeInIndex = 0; path = "The Composable Architecture(iOS).Example.app"; sourceTree = BUILT_PRODUCTS_DIR; };
		787653B02C13643F0086FBFC /* The_Composable_Architecture_iOS__ExampleApp.swift */ = {isa = PBXFileReference; lastKnownFileType = sourcecode.swift; path = The_Composable_Architecture_iOS__ExampleApp.swift; sourceTree = "<group>"; };
		787653B22C13643F0086FBFC /* ContentView.swift */ = {isa = PBXFileReference; lastKnownFileType = sourcecode.swift; path = ContentView.swift; sourceTree = "<group>"; };
		787653B42C1364410086FBFC /* Assets.xcassets */ = {isa = PBXFileReference; lastKnownFileType = folder.assetcatalog; path = Assets.xcassets; sourceTree = "<group>"; };
		787653B72C1364410086FBFC /* Preview Assets.xcassets */ = {isa = PBXFileReference; lastKnownFileType = folder.assetcatalog; path = "Preview Assets.xcassets"; sourceTree = "<group>"; };
		787653BD2C1364410086FBFC /* The Composable Architecture(iOS).ExampleTests.xctest */ = {isa = PBXFileReference; explicitFileType = wrapper.cfbundle; includeInIndex = 0; path = "The Composable Architecture(iOS).ExampleTests.xctest"; sourceTree = BUILT_PRODUCTS_DIR; };
		787653C12C1364410086FBFC /* The_Composable_Architecture_iOS__ExampleTests.swift */ = {isa = PBXFileReference; lastKnownFileType = sourcecode.swift; path = The_Composable_Architecture_iOS__ExampleTests.swift; sourceTree = "<group>"; };
		787653C72C1364410086FBFC /* The Composable Architecture(iOS).ExampleUITests.xctest */ = {isa = PBXFileReference; explicitFileType = wrapper.cfbundle; includeInIndex = 0; path = "The Composable Architecture(iOS).ExampleUITests.xctest"; sourceTree = BUILT_PRODUCTS_DIR; };
		787653CB2C1364410086FBFC /* The_Composable_Architecture_iOS__ExampleUITests.swift */ = {isa = PBXFileReference; lastKnownFileType = sourcecode.swift; path = The_Composable_Architecture_iOS__ExampleUITests.swift; sourceTree = "<group>"; };
		787653CD2C1364410086FBFC /* The_Composable_Architecture_iOS__ExampleUITestsLaunchTests.swift */ = {isa = PBXFileReference; lastKnownFileType = sourcecode.swift; path = The_Composable_Architecture_iOS__ExampleUITestsLaunchTests.swift; sourceTree = "<group>"; };
		787653DB2C13682D0086FBFC /* CounterFeature.swift */ = {isa = PBXFileReference; lastKnownFileType = sourcecode.swift; path = CounterFeature.swift; sourceTree = "<group>"; };
/* End PBXFileReference section */

/* Begin PBXFrameworksBuildPhase section */
		787653AA2C13643F0086FBFC /* Frameworks */ = {
			isa = PBXFrameworksBuildPhase;
			buildActionMask = 2147483647;
			files = (
				787653DF2C1369570086FBFC /* ComposableArchitecture in Frameworks */,
			);
			runOnlyForDeploymentPostprocessing = 0;
		};
		787653BA2C1364410086FBFC /* Frameworks */ = {
			isa = PBXFrameworksBuildPhase;
			buildActionMask = 2147483647;
			files = (
			);
			runOnlyForDeploymentPostprocessing = 0;
		};
		787653C42C1364410086FBFC /* Frameworks */ = {
			isa = PBXFrameworksBuildPhase;
			buildActionMask = 2147483647;
			files = (
			);
			runOnlyForDeploymentPostprocessing = 0;
		};
/* End PBXFrameworksBuildPhase section */

/* Begin PBXGroup section */
		787653A42C13643F0086FBFC = {
			isa = PBXGroup;
			children = (
				787653AF2C13643F0086FBFC /* The Composable Architecture(iOS).Example */,
				787653C02C1364410086FBFC /* The Composable Architecture(iOS).ExampleTests */,
				787653CA2C1364410086FBFC /* The Composable Architecture(iOS).ExampleUITests */,
				787653AE2C13643F0086FBFC /* Products */,
				787653DD2C1369570086FBFC /* Frameworks */,
			);
			sourceTree = "<group>";
		};
		787653AE2C13643F0086FBFC /* Products */ = {
			isa = PBXGroup;
			children = (
				787653AD2C13643F0086FBFC /* The Composable Architecture(iOS).Example.app */,
				787653BD2C1364410086FBFC /* The Composable Architecture(iOS).ExampleTests.xctest */,
				787653C72C1364410086FBFC /* The Composable Architecture(iOS).ExampleUITests.xctest */,
			);
			name = Products;
			sourceTree = "<group>";
		};
		787653AF2C13643F0086FBFC /* The Composable Architecture(iOS).Example */ = {
			isa = PBXGroup;
			children = (
				787653B02C13643F0086FBFC /* The_Composable_Architecture_iOS__ExampleApp.swift */,
				787653DB2C13682D0086FBFC /* CounterFeature.swift */,
				787653B22C13643F0086FBFC /* ContentView.swift */,
				787653B42C1364410086FBFC /* Assets.xcassets */,
				787653B62C1364410086FBFC /* Preview Content */,
			);
			path = "The Composable Architecture(iOS).Example";
			sourceTree = "<group>";
		};
		787653B62C1364410086FBFC /* Preview Content */ = {
			isa = PBXGroup;
			children = (
				787653B72C1364410086FBFC /* Preview Assets.xcassets */,
			);
			path = "Preview Content";
			sourceTree = "<group>";
		};
		787653C02C1364410086FBFC /* The Composable Architecture(iOS).ExampleTests */ = {
			isa = PBXGroup;
			children = (
				787653C12C1364410086FBFC /* The_Composable_Architecture_iOS__ExampleTests.swift */,
			);
			path = "The Composable Architecture(iOS).ExampleTests";
			sourceTree = "<group>";
		};
		787653CA2C1364410086FBFC /* The Composable Architecture(iOS).ExampleUITests */ = {
			isa = PBXGroup;
			children = (
				787653CB2C1364410086FBFC /* The_Composable_Architecture_iOS__ExampleUITests.swift */,
				787653CD2C1364410086FBFC /* The_Composable_Architecture_iOS__ExampleUITestsLaunchTests.swift */,
			);
			path = "The Composable Architecture(iOS).ExampleUITests";
			sourceTree = "<group>";
		};
		787653DD2C1369570086FBFC /* Frameworks */ = {
			isa = PBXGroup;
			children = (
			);
			name = Frameworks;
			sourceTree = "<group>";
		};
/* End PBXGroup section */

/* Begin PBXNativeTarget section */
		787653AC2C13643F0086FBFC /* The Composable Architecture(iOS).Example */ = {
			isa = PBXNativeTarget;
			buildConfigurationList = 787653D12C1364410086FBFC /* Build configuration list for PBXNativeTarget "The Composable Architecture(iOS).Example" */;
			buildPhases = (
				787653A92C13643F0086FBFC /* Sources */,
				787653AA2C13643F0086FBFC /* Frameworks */,
				787653AB2C13643F0086FBFC /* Resources */,
			);
			buildRules = (
			);
			dependencies = (
			);
			name = "The Composable Architecture(iOS).Example";
			packageProductDependencies = (
				787653DE2C1369570086FBFC /* ComposableArchitecture */,
			);
			productName = "The Composable Architecture(iOS).Example";
			productReference = 787653AD2C13643F0086FBFC /* The Composable Architecture(iOS).Example.app */;
			productType = "com.apple.product-type.application";
		};
		787653BC2C1364410086FBFC /* The Composable Architecture(iOS).ExampleTests */ = {
			isa = PBXNativeTarget;
			buildConfigurationList = 787653D42C1364410086FBFC /* Build configuration list for PBXNativeTarget "The Composable Architecture(iOS).ExampleTests" */;
			buildPhases = (
				787653B92C1364410086FBFC /* Sources */,
				787653BA2C1364410086FBFC /* Frameworks */,
				787653BB2C1364410086FBFC /* Resources */,
			);
			buildRules = (
			);
			dependencies = (
				787653BF2C1364410086FBFC /* PBXTargetDependency */,
			);
			name = "The Composable Architecture(iOS).ExampleTests";
			productName = "The Composable Architecture(iOS).ExampleTests";
			productReference = 787653BD2C1364410086FBFC /* The Composable Architecture(iOS).ExampleTests.xctest */;
			productType = "com.apple.product-type.bundle.unit-test";
		};
		787653C62C1364410086FBFC /* The Composable Architecture(iOS).ExampleUITests */ = {
			isa = PBXNativeTarget;
			buildConfigurationList = 787653D72C1364410086FBFC /* Build configuration list for PBXNativeTarget "The Composable Architecture(iOS).ExampleUITests" */;
			buildPhases = (
				787653C32C1364410086FBFC /* Sources */,
				787653C42C1364410086FBFC /* Frameworks */,
				787653C52C1364410086FBFC /* Resources */,
			);
			buildRules = (
			);
			dependencies = (
				787653C92C1364410086FBFC /* PBXTargetDependency */,
			);
			name = "The Composable Architecture(iOS).ExampleUITests";
			productName = "The Composable Architecture(iOS).ExampleUITests";
			productReference = 787653C72C1364410086FBFC /* The Composable Architecture(iOS).ExampleUITests.xctest */;
			productType = "com.apple.product-type.bundle.ui-testing";
		};
/* End PBXNativeTarget section */

/* Begin PBXProject section */
		787653A52C13643F0086FBFC /* Project object */ = {
			isa = PBXProject;
			attributes = {
				BuildIndependentTargetsInParallel = 1;
				LastSwiftUpdateCheck = 1530;
				LastUpgradeCheck = 1530;
				TargetAttributes = {
					787653AC2C13643F0086FBFC = {
						CreatedOnToolsVersion = 15.3;
					};
					787653BC2C1364410086FBFC = {
						CreatedOnToolsVersion = 15.3;
						TestTargetID = 787653AC2C13643F0086FBFC;
					};
					787653C62C1364410086FBFC = {
						CreatedOnToolsVersion = 15.3;
						TestTargetID = 787653AC2C13643F0086FBFC;
					};
				};
			};
			buildConfigurationList = 787653A82C13643F0086FBFC /* Build configuration list for PBXProject "The Composable Architecture(iOS).Example" */;
			compatibilityVersion = "Xcode 14.0";
			developmentRegion = en;
			hasScannedForEncodings = 0;
			knownRegions = (
				en,
				Base,
			);
			mainGroup = 787653A42C13643F0086FBFC;
			packageReferences = (
				787653DA2C1367C70086FBFC /* XCRemoteSwiftPackageReference "swift-composable-architecture" */,
			);
			productRefGroup = 787653AE2C13643F0086FBFC /* Products */;
			projectDirPath = "";
			projectRoot = "";
			targets = (
				787653AC2C13643F0086FBFC /* The Composable Architecture(iOS).Example */,
				787653BC2C1364410086FBFC /* The Composable Architecture(iOS).ExampleTests */,
				787653C62C1364410086FBFC /* The Composable Architecture(iOS).ExampleUITests */,
			);
		};
/* End PBXProject section */

/* Begin PBXResourcesBuildPhase section */
		787653AB2C13643F0086FBFC /* Resources */ = {
			isa = PBXResourcesBuildPhase;
			buildActionMask = 2147483647;
			files = (
				787653B82C1364410086FBFC /* Preview Assets.xcassets in Resources */,
				787653B52C1364410086FBFC /* Assets.xcassets in Resources */,
			);
			runOnlyForDeploymentPostprocessing = 0;
		};
		787653BB2C1364410086FBFC /* Resources */ = {
			isa = PBXResourcesBuildPhase;
			buildActionMask = 2147483647;
			files = (
			);
			runOnlyForDeploymentPostprocessing = 0;
		};
		787653C52C1364410086FBFC /* Resources */ = {
			isa = PBXResourcesBuildPhase;
			buildActionMask = 2147483647;
			files = (
			);
			runOnlyForDeploymentPostprocessing = 0;
		};
/* End PBXResourcesBuildPhase section */

/* Begin PBXSourcesBuildPhase section */
		787653A92C13643F0086FBFC /* Sources */ = {
			isa = PBXSourcesBuildPhase;
			buildActionMask = 2147483647;
			files = (
				787653DC2C13682D0086FBFC /* CounterFeature.swift in Sources */,
				787653B32C13643F0086FBFC /* ContentView.swift in Sources */,
				787653B12C13643F0086FBFC /* The_Composable_Architecture_iOS__ExampleApp.swift in Sources */,
			);
			runOnlyForDeploymentPostprocessing = 0;
		};
		787653B92C1364410086FBFC /* Sources */ = {
			isa = PBXSourcesBuildPhase;
			buildActionMask = 2147483647;
			files = (
				787653C22C1364410086FBFC /* The_Composable_Architecture_iOS__ExampleTests.swift in Sources */,
			);
			runOnlyForDeploymentPostprocessing = 0;
		};
		787653C32C1364410086FBFC /* Sources */ = {
			isa = PBXSourcesBuildPhase;
			buildActionMask = 2147483647;
			files = (
				787653CE2C1364410086FBFC /* The_Composable_Architecture_iOS__ExampleUITestsLaunchTests.swift in Sources */,
				787653CC2C1364410086FBFC /* The_Composable_Architecture_iOS__ExampleUITests.swift in Sources */,
			);
			runOnlyForDeploymentPostprocessing = 0;
		};
/* End PBXSourcesBuildPhase section */

/* Begin PBXTargetDependency section */
		787653BF2C1364410086FBFC /* PBXTargetDependency */ = {
			isa = PBXTargetDependency;
			target = 787653AC2C13643F0086FBFC /* The Composable Architecture(iOS).Example */;
			targetProxy = 787653BE2C1364410086FBFC /* PBXContainerItemProxy */;
		};
		787653C92C1364410086FBFC /* PBXTargetDependency */ = {
			isa = PBXTargetDependency;
			target = 787653AC2C13643F0086FBFC /* The Composable Architecture(iOS).Example */;
			targetProxy = 787653C82C1364410086FBFC /* PBXContainerItemProxy */;
		};
/* End PBXTargetDependency section */

/* Begin XCBuildConfiguration section */
		787653CF2C1364410086FBFC /* Debug */ = {
			isa = XCBuildConfiguration;
			buildSettings = {
				ALWAYS_SEARCH_USER_PATHS = NO;
				ASSETCATALOG_COMPILER_GENERATE_SWIFT_ASSET_SYMBOL_EXTENSIONS = YES;
				CLANG_ANALYZER_NONNULL = YES;
				CLANG_ANALYZER_NUMBER_OBJECT_CONVERSION = YES_AGGRESSIVE;
				CLANG_CXX_LANGUAGE_STANDARD = "gnu++20";
				CLANG_ENABLE_MODULES = YES;
				CLANG_ENABLE_OBJC_ARC = YES;
				CLANG_ENABLE_OBJC_WEAK = YES;
				CLANG_WARN_BLOCK_CAPTURE_AUTORELEASING = YES;
				CLANG_WARN_BOOL_CONVERSION = YES;
				CLANG_WARN_COMMA = YES;
				CLANG_WARN_CONSTANT_CONVERSION = YES;
				CLANG_WARN_DEPRECATED_OBJC_IMPLEMENTATIONS = YES;
				CLANG_WARN_DIRECT_OBJC_ISA_USAGE = YES_ERROR;
				CLANG_WARN_DOCUMENTATION_COMMENTS = YES;
				CLANG_WARN_EMPTY_BODY = YES;
				CLANG_WARN_ENUM_CONVERSION = YES;
				CLANG_WARN_INFINITE_RECURSION = YES;
				CLANG_WARN_INT_CONVERSION = YES;
				CLANG_WARN_NON_LITERAL_NULL_CONVERSION = YES;
				CLANG_WARN_OBJC_IMPLICIT_RETAIN_SELF = YES;
				CLANG_WARN_OBJC_LITERAL_CONVERSION = YES;
				CLANG_WARN_OBJC_ROOT_CLASS = YES_ERROR;
				CLANG_WARN_QUOTED_INCLUDE_IN_FRAMEWORK_HEADER = YES;
				CLANG_WARN_RANGE_LOOP_ANALYSIS = YES;
				CLANG_WARN_STRICT_PROTOTYPES = YES;
				CLANG_WARN_SUSPICIOUS_MOVE = YES;
				CLANG_WARN_UNGUARDED_AVAILABILITY = YES_AGGRESSIVE;
				CLANG_WARN_UNREACHABLE_CODE = YES;
				CLANG_WARN__DUPLICATE_METHOD_MATCH = YES;
				COPY_PHASE_STRIP = NO;
				DEBUG_INFORMATION_FORMAT = dwarf;
				ENABLE_STRICT_OBJC_MSGSEND = YES;
				ENABLE_TESTABILITY = YES;
				ENABLE_USER_SCRIPT_SANDBOXING = YES;
				GCC_C_LANGUAGE_STANDARD = gnu17;
				GCC_DYNAMIC_NO_PIC = NO;
				GCC_NO_COMMON_BLOCKS = YES;
				GCC_OPTIMIZATION_LEVEL = 0;
				GCC_PREPROCESSOR_DEFINITIONS = (
					"DEBUG=1",
					"$(inherited)",
				);
				GCC_WARN_64_TO_32_BIT_CONVERSION = YES;
				GCC_WARN_ABOUT_RETURN_TYPE = YES_ERROR;
				GCC_WARN_UNDECLARED_SELECTOR = YES;
				GCC_WARN_UNINITIALIZED_AUTOS = YES_AGGRESSIVE;
				GCC_WARN_UNUSED_FUNCTION = YES;
				GCC_WARN_UNUSED_VARIABLE = YES;
				IPHONEOS_DEPLOYMENT_TARGET = 17.4;
				LOCALIZATION_PREFERS_STRING_CATALOGS = YES;
				MTL_ENABLE_DEBUG_INFO = INCLUDE_SOURCE;
				MTL_FAST_MATH = YES;
				ONLY_ACTIVE_ARCH = YES;
				SDKROOT = iphoneos;
				SWIFT_ACTIVE_COMPILATION_CONDITIONS = "DEBUG $(inherited)";
				SWIFT_OPTIMIZATION_LEVEL = "-Onone";
			};
			name = Debug;
		};
		787653D02C1364410086FBFC /* Release */ = {
			isa = XCBuildConfiguration;
			buildSettings = {
				ALWAYS_SEARCH_USER_PATHS = NO;
				ASSETCATALOG_COMPILER_GENERATE_SWIFT_ASSET_SYMBOL_EXTENSIONS = YES;
				CLANG_ANALYZER_NONNULL = YES;
				CLANG_ANALYZER_NUMBER_OBJECT_CONVERSION = YES_AGGRESSIVE;
				CLANG_CXX_LANGUAGE_STANDARD = "gnu++20";
				CLANG_ENABLE_MODULES = YES;
				CLANG_ENABLE_OBJC_ARC = YES;
				CLANG_ENABLE_OBJC_WEAK = YES;
				CLANG_WARN_BLOCK_CAPTURE_AUTORELEASING = YES;
				CLANG_WARN_BOOL_CONVERSION = YES;
				CLANG_WARN_COMMA = YES;
				CLANG_WARN_CONSTANT_CONVERSION = YES;
				CLANG_WARN_DEPRECATED_OBJC_IMPLEMENTATIONS = YES;
				CLANG_WARN_DIRECT_OBJC_ISA_USAGE = YES_ERROR;
				CLANG_WARN_DOCUMENTATION_COMMENTS = YES;
				CLANG_WARN_EMPTY_BODY = YES;
				CLANG_WARN_ENUM_CONVERSION = YES;
				CLANG_WARN_INFINITE_RECURSION = YES;
				CLANG_WARN_INT_CONVERSION = YES;
				CLANG_WARN_NON_LITERAL_NULL_CONVERSION = YES;
				CLANG_WARN_OBJC_IMPLICIT_RETAIN_SELF = YES;
				CLANG_WARN_OBJC_LITERAL_CONVERSION = YES;
				CLANG_WARN_OBJC_ROOT_CLASS = YES_ERROR;
				CLANG_WARN_QUOTED_INCLUDE_IN_FRAMEWORK_HEADER = YES;
				CLANG_WARN_RANGE_LOOP_ANALYSIS = YES;
				CLANG_WARN_STRICT_PROTOTYPES = YES;
				CLANG_WARN_SUSPICIOUS_MOVE = YES;
				CLANG_WARN_UNGUARDED_AVAILABILITY = YES_AGGRESSIVE;
				CLANG_WARN_UNREACHABLE_CODE = YES;
				CLANG_WARN__DUPLICATE_METHOD_MATCH = YES;
				COPY_PHASE_STRIP = NO;
				DEBUG_INFORMATION_FORMAT = "dwarf-with-dsym";
				ENABLE_NS_ASSERTIONS = NO;
				ENABLE_STRICT_OBJC_MSGSEND = YES;
				ENABLE_USER_SCRIPT_SANDBOXING = YES;
				GCC_C_LANGUAGE_STANDARD = gnu17;
				GCC_NO_COMMON_BLOCKS = YES;
				GCC_WARN_64_TO_32_BIT_CONVERSION = YES;
				GCC_WARN_ABOUT_RETURN_TYPE = YES_ERROR;
				GCC_WARN_UNDECLARED_SELECTOR = YES;
				GCC_WARN_UNINITIALIZED_AUTOS = YES_AGGRESSIVE;
				GCC_WARN_UNUSED_FUNCTION = YES;
				GCC_WARN_UNUSED_VARIABLE = YES;
				IPHONEOS_DEPLOYMENT_TARGET = 17.4;
				LOCALIZATION_PREFERS_STRING_CATALOGS = YES;
				MTL_ENABLE_DEBUG_INFO = NO;
				MTL_FAST_MATH = YES;
				SDKROOT = iphoneos;
				SWIFT_COMPILATION_MODE = wholemodule;
				VALIDATE_PRODUCT = YES;
			};
			name = Release;
		};
		787653D22C1364410086FBFC /* Debug */ = {
			isa = XCBuildConfiguration;
			buildSettings = {
				ASSETCATALOG_COMPILER_APPICON_NAME = AppIcon;
				ASSETCATALOG_COMPILER_GLOBAL_ACCENT_COLOR_NAME = AccentColor;
				CODE_SIGN_STYLE = Automatic;
				CURRENT_PROJECT_VERSION = 1;
				DEVELOPMENT_ASSET_PATHS = "\"The Composable Architecture(iOS).Example/Preview Content\"";
				ENABLE_PREVIEWS = YES;
				GENERATE_INFOPLIST_FILE = YES;
				INFOPLIST_KEY_UIApplicationSceneManifest_Generation = YES;
				INFOPLIST_KEY_UIApplicationSupportsIndirectInputEvents = YES;
				INFOPLIST_KEY_UILaunchScreen_Generation = YES;
				INFOPLIST_KEY_UISupportedInterfaceOrientations_iPad = "UIInterfaceOrientationPortrait UIInterfaceOrientationPortraitUpsideDown UIInterfaceOrientationLandscapeLeft UIInterfaceOrientationLandscapeRight";
				INFOPLIST_KEY_UISupportedInterfaceOrientations_iPhone = "UIInterfaceOrientationPortrait UIInterfaceOrientationLandscapeLeft UIInterfaceOrientationLandscapeRight";
				LD_RUNPATH_SEARCH_PATHS = (
					"$(inherited)",
					"@executable_path/Frameworks",
				);
				MARKETING_VERSION = 1.0;
				PRODUCT_BUNDLE_IDENTIFIER = "nesterchuk.oleksii.The-Composable-Architecture-iOS--Example";
				PRODUCT_NAME = "$(TARGET_NAME)";
				SWIFT_EMIT_LOC_STRINGS = YES;
				SWIFT_VERSION = 5.0;
				TARGETED_DEVICE_FAMILY = "1,2";
			};
			name = Debug;
		};
		787653D32C1364410086FBFC /* Release */ = {
			isa = XCBuildConfiguration;
			buildSettings = {
				ASSETCATALOG_COMPILER_APPICON_NAME = AppIcon;
				ASSETCATALOG_COMPILER_GLOBAL_ACCENT_COLOR_NAME = AccentColor;
				CODE_SIGN_STYLE = Automatic;
				CURRENT_PROJECT_VERSION = 1;
				DEVELOPMENT_ASSET_PATHS = "\"The Composable Architecture(iOS).Example/Preview Content\"";
				ENABLE_PREVIEWS = YES;
				GENERATE_INFOPLIST_FILE = YES;
				INFOPLIST_KEY_UIApplicationSceneManifest_Generation = YES;
				INFOPLIST_KEY_UIApplicationSupportsIndirectInputEvents = YES;
				INFOPLIST_KEY_UILaunchScreen_Generation = YES;
				INFOPLIST_KEY_UISupportedInterfaceOrientations_iPad = "UIInterfaceOrientationPortrait UIInterfaceOrientationPortraitUpsideDown UIInterfaceOrientationLandscapeLeft UIInterfaceOrientationLandscapeRight";
				INFOPLIST_KEY_UISupportedInterfaceOrientations_iPhone = "UIInterfaceOrientationPortrait UIInterfaceOrientationLandscapeLeft UIInterfaceOrientationLandscapeRight";
				LD_RUNPATH_SEARCH_PATHS = (
					"$(inherited)",
					"@executable_path/Frameworks",
				);
				MARKETING_VERSION = 1.0;
				PRODUCT_BUNDLE_IDENTIFIER = "nesterchuk.oleksii.The-Composable-Architecture-iOS--Example";
				PRODUCT_NAME = "$(TARGET_NAME)";
				SWIFT_EMIT_LOC_STRINGS = YES;
				SWIFT_VERSION = 5.0;
				TARGETED_DEVICE_FAMILY = "1,2";
			};
			name = Release;
		};
		787653D52C1364410086FBFC /* Debug */ = {
			isa = XCBuildConfiguration;
			buildSettings = {
				ALWAYS_EMBED_SWIFT_STANDARD_LIBRARIES = YES;
				BUNDLE_LOADER = "$(TEST_HOST)";
				CODE_SIGN_STYLE = Automatic;
				CURRENT_PROJECT_VERSION = 1;
				GENERATE_INFOPLIST_FILE = YES;
				IPHONEOS_DEPLOYMENT_TARGET = 17.4;
				MARKETING_VERSION = 1.0;
				PRODUCT_BUNDLE_IDENTIFIER = "nesterchuk.oleksii.The-Composable-Architecture-iOS--ExampleTests";
				PRODUCT_NAME = "$(TARGET_NAME)";
				SWIFT_EMIT_LOC_STRINGS = NO;
				SWIFT_VERSION = 5.0;
				TARGETED_DEVICE_FAMILY = "1,2";
				TEST_HOST = "$(BUILT_PRODUCTS_DIR)/The Composable Architecture(iOS).Example.app/$(BUNDLE_EXECUTABLE_FOLDER_PATH)/The Composable Architecture(iOS).Example";
			};
			name = Debug;
		};
		787653D62C1364410086FBFC /* Release */ = {
			isa = XCBuildConfiguration;
			buildSettings = {
				ALWAYS_EMBED_SWIFT_STANDARD_LIBRARIES = YES;
				BUNDLE_LOADER = "$(TEST_HOST)";
				CODE_SIGN_STYLE = Automatic;
				CURRENT_PROJECT_VERSION = 1;
				GENERATE_INFOPLIST_FILE = YES;
				IPHONEOS_DEPLOYMENT_TARGET = 17.4;
				MARKETING_VERSION = 1.0;
				PRODUCT_BUNDLE_IDENTIFIER = "nesterchuk.oleksii.The-Composable-Architecture-iOS--ExampleTests";
				PRODUCT_NAME = "$(TARGET_NAME)";
				SWIFT_EMIT_LOC_STRINGS = NO;
				SWIFT_VERSION = 5.0;
				TARGETED_DEVICE_FAMILY = "1,2";
				TEST_HOST = "$(BUILT_PRODUCTS_DIR)/The Composable Architecture(iOS).Example.app/$(BUNDLE_EXECUTABLE_FOLDER_PATH)/The Composable Architecture(iOS).Example";
			};
			name = Release;
		};
		787653D82C1364410086FBFC /* Debug */ = {
			isa = XCBuildConfiguration;
			buildSettings = {
				ALWAYS_EMBED_SWIFT_STANDARD_LIBRARIES = YES;
				CODE_SIGN_STYLE = Automatic;
				CURRENT_PROJECT_VERSION = 1;
				GENERATE_INFOPLIST_FILE = YES;
				MARKETING_VERSION = 1.0;
				PRODUCT_BUNDLE_IDENTIFIER = "nesterchuk.oleksii.The-Composable-Architecture-iOS--ExampleUITests";
				PRODUCT_NAME = "$(TARGET_NAME)";
				SWIFT_EMIT_LOC_STRINGS = NO;
				SWIFT_VERSION = 5.0;
				TARGETED_DEVICE_FAMILY = "1,2";
				TEST_TARGET_NAME = "The Composable Architecture(iOS).Example";
			};
			name = Debug;
		};
		787653D92C1364410086FBFC /* Release */ = {
			isa = XCBuildConfiguration;
			buildSettings = {
				ALWAYS_EMBED_SWIFT_STANDARD_LIBRARIES = YES;
				CODE_SIGN_STYLE = Automatic;
				CURRENT_PROJECT_VERSION = 1;
				GENERATE_INFOPLIST_FILE = YES;
				MARKETING_VERSION = 1.0;
				PRODUCT_BUNDLE_IDENTIFIER = "nesterchuk.oleksii.The-Composable-Architecture-iOS--ExampleUITests";
				PRODUCT_NAME = "$(TARGET_NAME)";
				SWIFT_EMIT_LOC_STRINGS = NO;
				SWIFT_VERSION = 5.0;
				TARGETED_DEVICE_FAMILY = "1,2";
				TEST_TARGET_NAME = "The Composable Architecture(iOS).Example";
			};
			name = Release;
		};
/* End XCBuildConfiguration section */

/* Begin XCConfigurationList section */
		787653A82C13643F0086FBFC /* Build configuration list for PBXProject "The Composable Architecture(iOS).Example" */ = {
			isa = XCConfigurationList;
			buildConfigurations = (
				787653CF2C1364410086FBFC /* Debug */,
				787653D02C1364410086FBFC /* Release */,
			);
			defaultConfigurationIsVisible = 0;
			defaultConfigurationName = Release;
		};
		787653D12C1364410086FBFC /* Build configuration list for PBXNativeTarget "The Composable Architecture(iOS).Example" */ = {
			isa = XCConfigurationList;
			buildConfigurations = (
				787653D22C1364410086FBFC /* Debug */,
				787653D32C1364410086FBFC /* Release */,
			);
			defaultConfigurationIsVisible = 0;
			defaultConfigurationName = Release;
		};
		787653D42C1364410086FBFC /* Build configuration list for PBXNativeTarget "The Composable Architecture(iOS).ExampleTests" */ = {
			isa = XCConfigurationList;
			buildConfigurations = (
				787653D52C1364410086FBFC /* Debug */,
				787653D62C1364410086FBFC /* Release */,
			);
			defaultConfigurationIsVisible = 0;
			defaultConfigurationName = Release;
		};
		787653D72C1364410086FBFC /* Build configuration list for PBXNativeTarget "The Composable Architecture(iOS).ExampleUITests" */ = {
			isa = XCConfigurationList;
			buildConfigurations = (
				787653D82C1364410086FBFC /* Debug */,
				787653D92C1364410086FBFC /* Release */,
			);
			defaultConfigurationIsVisible = 0;
			defaultConfigurationName = Release;
		};
/* End XCConfigurationList section */

/* Begin XCRemoteSwiftPackageReference section */
		787653DA2C1367C70086FBFC /* XCRemoteSwiftPackageReference "swift-composable-architecture" */ = {
			isa = XCRemoteSwiftPackageReference;
			repositoryURL = "https://github.com/pointfreeco/swift-composable-architecture";
			requirement = {
				kind = upToNextMajorVersion;
				minimumVersion = 1.11.0;
			};
		};
/* End XCRemoteSwiftPackageReference section */

/* Begin XCSwiftPackageProductDependency section */
		787653DE2C1369570086FBFC /* ComposableArchitecture */ = {
			isa = XCSwiftPackageProductDependency;
			package = 787653DA2C1367C70086FBFC /* XCRemoteSwiftPackageReference "swift-composable-architecture" */;
			productName = ComposableArchitecture;
		};
/* End XCSwiftPackageProductDependency section */
	};
	rootObject = 787653A52C13643F0086FBFC /* Project object */;
}
